PODS:
  - Bolts/Tasks (1.9.1)
  - Expecta (1.0.6)
  - "Expecta+Snapshots (3.1.1)":
    - Expecta (~> 1.0)
    - FBSnapshotTestCase/Core (~> 2.0)
    - Specta (~> 1.0)
  - FBSnapshotTestCase (2.1.4):
    - FBSnapshotTestCase/SwiftSupport (= 2.1.4)
  - FBSnapshotTestCase/Core (2.1.4)
  - FBSnapshotTestCase/SwiftSupport (2.1.4):
    - FBSnapshotTestCase/Core
  - INSParse (0.1.6):
    - Parse
  - Parse (1.19.2):
    - Parse/Core (= 1.19.2)
  - Parse/Core (1.19.2):
    - Bolts/Tasks (= 1.9.1)
  - Specta (1.0.7)

DEPENDENCIES:
  - Expecta
  - "Expecta+Snapshots"
  - FBSnapshotTestCase
  - INSParse (from `../`)
  - Specta

SPEC REPOS:
  trunk:
    - Bolts
    - Expecta
    - "Expecta+Snapshots"
    - FBSnapshotTestCase
    - Parse
    - Specta

EXTERNAL SOURCES:
  INSParse:
    :path: "../"

SPEC CHECKSUMS:
  Bolts: 8c1e8aab2f603387b8b9924f57d1d64f43d3ffdc
  Expecta: 3b6bd90a64b9a1dcb0b70aa0e10a7f8f631667d5
  "Expecta+Snapshots": dcff217eef506dabd6dfdc7864ea2da321fafbb8
  FBSnapshotTestCase: 094f9f314decbabe373b87cc339bea235a63e07a
  INSParse: 73987b11631925c1d2bcdc4c8c1b139ac984df6b
  Parse: 081fb8755c3000fd11df817eec235def233d0af3
  Specta: 3e1bd89c3517421982dc4d1c992503e48bd5fe66

PODFILE CHECKSUM: 870e509fff7fb3bc4e3558e8e85b9cc2ca5362f8

COCOAPODS: 1.10.1
